// !$*UTF8*$!
{
	archiveVersion = 1;
	classes = {
	};
	objectVersion = 50;
	objects = {

/* Begin PBXBuildFile section */
		3D8CD5B4261182F2007AA428 /* HumanVisual.swift in Sources */ = {isa = PBXBuildFile; fileRef = 3D8CD5B3261182F2007AA428 /* HumanVisual.swift */; };
		3DF05E1C260DAF5A005C4BA0 /* AppDelegate.swift in Sources */ = {isa = PBXBuildFile; fileRef = 3DF05E1B260DAF5A005C4BA0 /* AppDelegate.swift */; };
		3DF05E1E260DAF5A005C4BA0 /* SceneDelegate.swift in Sources */ = {isa = PBXBuildFile; fileRef = 3DF05E1D260DAF5A005C4BA0 /* SceneDelegate.swift */; };
		3DF05E20260DAF5A005C4BA0 /* HomeVC.swift in Sources */ = {isa = PBXBuildFile; fileRef = 3DF05E1F260DAF5A005C4BA0 /* HomeVC.swift */; };
		3DF05E25260DAF5D005C4BA0 /* Assets.xcassets in Resources */ = {isa = PBXBuildFile; fileRef = 3DF05E24260DAF5D005C4BA0 /* Assets.xcassets */; };
		3DF05E28260DAF5D005C4BA0 /* LaunchScreen.storyboard in Resources */ = {isa = PBXBuildFile; fileRef = 3DF05E26260DAF5D005C4BA0 /* LaunchScreen.storyboard */; };
		3DF05E33260DBE60005C4BA0 /* Constants.swift in Sources */ = {isa = PBXBuildFile; fileRef = 3DF05E32260DBE60005C4BA0 /* Constants.swift */; };
		3DF05E35260DBEBA005C4BA0 /* ResultsVC.swift in Sources */ = {isa = PBXBuildFile; fileRef = 3DF05E34260DBEBA005C4BA0 /* ResultsVC.swift */; };
		3DF05E3C260DBF3D005C4BA0 /* Roboto-Regular.ttf in Resources */ = {isa = PBXBuildFile; fileRef = 3DF05E37260DBF3D005C4BA0 /* Roboto-Regular.ttf */; };
		3DF05E3D260DBF3D005C4BA0 /* Roboto-Bold.ttf in Resources */ = {isa = PBXBuildFile; fileRef = 3DF05E38260DBF3D005C4BA0 /* Roboto-Bold.ttf */; };
		3DF05E3E260DBF3D005C4BA0 /* Roboto-Black.ttf in Resources */ = {isa = PBXBuildFile; fileRef = 3DF05E39260DBF3D005C4BA0 /* Roboto-Black.ttf */; };
		3DF05E3F260DBF3D005C4BA0 /* Roboto-Medium.ttf in Resources */ = {isa = PBXBuildFile; fileRef = 3DF05E3A260DBF3D005C4BA0 /* Roboto-Medium.ttf */; };
		3DF05E40260DBF3D005C4BA0 /* Roboto-Thin.ttf in Resources */ = {isa = PBXBuildFile; fileRef = 3DF05E3B260DBF3D005C4BA0 /* Roboto-Thin.ttf */; };
/* End PBXBuildFile section */

/* Begin PBXFileReference section */
		3D8CD5B3261182F2007AA428 /* HumanVisual.swift */ = {isa = PBXFileReference; lastKnownFileType = sourcecode.swift; path = HumanVisual.swift; sourceTree = "<group>"; };
		3DF05E18260DAF5A005C4BA0 /* BMISmart.app */ = {isa = PBXFileReference; explicitFileType = wrapper.application; includeInIndex = 0; path = BMISmart.app; sourceTree = BUILT_PRODUCTS_DIR; };
		3DF05E1B260DAF5A005C4BA0 /* AppDelegate.swift */ = {isa = PBXFileReference; lastKnownFileType = sourcecode.swift; path = AppDelegate.swift; sourceTree = "<group>"; };
		3DF05E1D260DAF5A005C4BA0 /* SceneDelegate.swift */ = {isa = PBXFileReference; lastKnownFileType = sourcecode.swift; path = SceneDelegate.swift; sourceTree = "<group>"; };
		3DF05E1F260DAF5A005C4BA0 /* HomeVC.swift */ = {isa = PBXFileReference; lastKnownFileType = sourcecode.swift; path = HomeVC.swift; sourceTree = "<group>"; };
		3DF05E24260DAF5D005C4BA0 /* Assets.xcassets */ = {isa = PBXFileReference; lastKnownFileType = folder.assetcatalog; path = Assets.xcassets; sourceTree = "<group>"; };
		3DF05E27260DAF5D005C4BA0 /* Base */ = {isa = PBXFileReference; lastKnownFileType = file.storyboard; name = Base; path = Base.lproj/LaunchScreen.storyboard; sourceTree = "<group>"; };
		3DF05E29260DAF5D005C4BA0 /* Info.plist */ = {isa = PBXFileReference; lastKnownFileType = text.plist.xml; path = Info.plist; sourceTree = "<group>"; };
		3DF05E32260DBE60005C4BA0 /* Constants.swift */ = {isa = PBXFileReference; lastKnownFileType = sourcecode.swift; path = Constants.swift; sourceTree = "<group>"; };
		3DF05E34260DBEBA005C4BA0 /* ResultsVC.swift */ = {isa = PBXFileReference; lastKnownFileType = sourcecode.swift; path = ResultsVC.swift; sourceTree = "<group>"; };
		3DF05E37260DBF3D005C4BA0 /* Roboto-Regular.ttf */ = {isa = PBXFileReference; lastKnownFileType = file; path = "Roboto-Regular.ttf"; sourceTree = "<group>"; };
		3DF05E38260DBF3D005C4BA0 /* Roboto-Bold.ttf */ = {isa = PBXFileReference; lastKnownFileType = file; path = "Roboto-Bold.ttf"; sourceTree = "<group>"; };
		3DF05E39260DBF3D005C4BA0 /* Roboto-Black.ttf */ = {isa = PBXFileReference; lastKnownFileType = file; path = "Roboto-Black.ttf"; sourceTree = "<group>"; };
		3DF05E3A260DBF3D005C4BA0 /* Roboto-Medium.ttf */ = {isa = PBXFileReference; lastKnownFileType = file; path = "Roboto-Medium.ttf"; sourceTree = "<group>"; };
		3DF05E3B260DBF3D005C4BA0 /* Roboto-Thin.ttf */ = {isa = PBXFileReference; lastKnownFileType = file; path = "Roboto-Thin.ttf"; sourceTree = "<group>"; };
/* End PBXFileReference section */

/* Begin PBXFrameworksBuildPhase section */
		3DF05E15260DAF5A005C4BA0 /* Frameworks */ = {
			isa = PBXFrameworksBuildPhase;
			buildActionMask = 2147483647;
			files = (
			);
			runOnlyForDeploymentPostprocessing = 0;
		};
/* End PBXFrameworksBuildPhase section */

/* Begin PBXGroup section */
		3DF05E0F260DAF5A005C4BA0 = {
			isa = PBXGroup;
			children = (
				3DF05E1A260DAF5A005C4BA0 /* BMISmart */,
				3DF05E19260DAF5A005C4BA0 /* Products */,
			);
			sourceTree = "<group>";
		};
		3DF05E19260DAF5A005C4BA0 /* Products */ = {
			isa = PBXGroup;
			children = (
				3DF05E18260DAF5A005C4BA0 /* BMISmart.app */,
			);
			name = Products;
			sourceTree = "<group>";
		};
		3DF05E1A260DAF5A005C4BA0 /* BMISmart */ = {
			isa = PBXGroup;
			children = (
				3DF05E36260DBEFC005C4BA0 /* Fonts */,
				3DF05E31260DAFDF005C4BA0 /* Model */,
				3DF05E2F260DAFCE005C4BA0 /* Controller */,
				3DF05E30260DAFD9005C4BA0 /* View */,
				3DF05E29260DAF5D005C4BA0 /* Info.plist */,
			);
			path = BMISmart;
			sourceTree = "<group>";
		};
		3DF05E2F260DAFCE005C4BA0 /* Controller */ = {
			isa = PBXGroup;
			children = (
				3DF05E1B260DAF5A005C4BA0 /* AppDelegate.swift */,
				3DF05E1D260DAF5A005C4BA0 /* SceneDelegate.swift */,
				3DF05E1F260DAF5A005C4BA0 /* HomeVC.swift */,
				3DF05E34260DBEBA005C4BA0 /* ResultsVC.swift */,
			);
			path = Controller;
			sourceTree = "<group>";
		};
		3DF05E30260DAFD9005C4BA0 /* View */ = {
			isa = PBXGroup;
			children = (
				3DF05E24260DAF5D005C4BA0 /* Assets.xcassets */,
				3DF05E26260DAF5D005C4BA0 /* LaunchScreen.storyboard */,
			);
			path = View;
			sourceTree = "<group>";
		};
		3DF05E31260DAFDF005C4BA0 /* Model */ = {
			isa = PBXGroup;
			children = (
				3DF05E32260DBE60005C4BA0 /* Constants.swift */,
				3D8CD5B3261182F2007AA428 /* HumanVisual.swift */,
			);
			path = Model;
			sourceTree = "<group>";
		};
		3DF05E36260DBEFC005C4BA0 /* Fonts */ = {
			isa = PBXGroup;
			children = (
				3DF05E39260DBF3D005C4BA0 /* Roboto-Black.ttf */,
				3DF05E38260DBF3D005C4BA0 /* Roboto-Bold.ttf */,
				3DF05E3A260DBF3D005C4BA0 /* Roboto-Medium.ttf */,
				3DF05E37260DBF3D005C4BA0 /* Roboto-Regular.ttf */,
				3DF05E3B260DBF3D005C4BA0 /* Roboto-Thin.ttf */,
			);
			path = Fonts;
			sourceTree = "<group>";
		};
/* End PBXGroup section */

/* Begin PBXNativeTarget section */
		3DF05E17260DAF5A005C4BA0 /* BMISmart */ = {
			isa = PBXNativeTarget;
			buildConfigurationList = 3DF05E2C260DAF5D005C4BA0 /* Build configuration list for PBXNativeTarget "BMISmart" */;
			buildPhases = (
				3DF05E14260DAF5A005C4BA0 /* Sources */,
				3DF05E15260DAF5A005C4BA0 /* Frameworks */,
				3DF05E16260DAF5A005C4BA0 /* Resources */,
			);
			buildRules = (
			);
			dependencies = (
			);
			name = BMISmart;
			productName = BMISmart;
			productReference = 3DF05E18260DAF5A005C4BA0 /* BMISmart.app */;
			productType = "com.apple.product-type.application";
		};
/* End PBXNativeTarget section */

/* Begin PBXProject section */
		3DF05E10260DAF5A005C4BA0 /* Project object */ = {
			isa = PBXProject;
			attributes = {
				LastSwiftUpdateCheck = 1250;
				LastUpgradeCheck = 1250;
				TargetAttributes = {
					3DF05E17260DAF5A005C4BA0 = {
						CreatedOnToolsVersion = 12.5;
					};
				};
			};
			buildConfigurationList = 3DF05E13260DAF5A005C4BA0 /* Build configuration list for PBXProject "BMISmart" */;
			compatibilityVersion = "Xcode 9.3";
			developmentRegion = en;
			hasScannedForEncodings = 0;
			knownRegions = (
				en,
				Base,
			);
			mainGroup = 3DF05E0F260DAF5A005C4BA0;
			productRefGroup = 3DF05E19260DAF5A005C4BA0 /* Products */;
			projectDirPath = "";
			projectRoot = "";
			targets = (
				3DF05E17260DAF5A005C4BA0 /* BMISmart */,
			);
		};
/* End PBXProject section */

/* Begin PBXResourcesBuildPhase section */
		3DF05E16260DAF5A005C4BA0 /* Resources */ = {
			isa = PBXResourcesBuildPhase;
			buildActionMask = 2147483647;
			files = (
				3DF05E40260DBF3D005C4BA0 /* Roboto-Thin.ttf in Resources */,
				3DF05E3C260DBF3D005C4BA0 /* Roboto-Regular.ttf in Resources */,
				3DF05E28260DAF5D005C4BA0 /* LaunchScreen.storyboard in Resources */,
				3DF05E3F260DBF3D005C4BA0 /* Roboto-Medium.ttf in Resources */,
				3DF05E3E260DBF3D005C4BA0 /* Roboto-Black.ttf in Resources */,
				3DF05E3D260DBF3D005C4BA0 /* Roboto-Bold.ttf in Resources */,
				3DF05E25260DAF5D005C4BA0 /* Assets.xcassets in Resources */,
			);
			runOnlyForDeploymentPostprocessing = 0;
		};
/* End PBXResourcesBuildPhase section */

/* Begin PBXSourcesBuildPhase section */
		3DF05E14260DAF5A005C4BA0 /* Sources */ = {
			isa = PBXSourcesBuildPhase;
			buildActionMask = 2147483647;
			files = (
				3DF05E20260DAF5A005C4BA0 /* HomeVC.swift in Sources */,
				3DF05E1C260DAF5A005C4BA0 /* AppDelegate.swift in Sources */,
				3DF05E1E260DAF5A005C4BA0 /* SceneDelegate.swift in Sources */,
				3D8CD5B4261182F2007AA428 /* HumanVisual.swift in Sources */,
				3DF05E35260DBEBA005C4BA0 /* ResultsVC.swift in Sources */,
				3DF05E33260DBE60005C4BA0 /* Constants.swift in Sources */,
			);
			runOnlyForDeploymentPostprocessing = 0;
		};
/* End PBXSourcesBuildPhase section */

/* Begin PBXVariantGroup section */
		3DF05E26260DAF5D005C4BA0 /* LaunchScreen.storyboard */ = {
			isa = PBXVariantGroup;
			children = (
				3DF05E27260DAF5D005C4BA0 /* Base */,
			);
			name = LaunchScreen.storyboard;
			sourceTree = "<group>";
		};
/* End PBXVariantGroup section */

/* Begin XCBuildConfiguration section */
		3DF05E2A260DAF5D005C4BA0 /* Debug */ = {
			isa = XCBuildConfiguration;
			buildSettings = {
				ALWAYS_SEARCH_USER_PATHS = NO;
				CLANG_ANALYZER_NONNULL = YES;
				CLANG_ANALYZER_NUMBER_OBJECT_CONVERSION = YES_AGGRESSIVE;
				CLANG_CXX_LANGUAGE_STANDARD = "gnu++14";
				CLANG_CXX_LIBRARY = "libc++";
				CLANG_ENABLE_MODULES = YES;
				CLANG_ENABLE_OBJC_ARC = YES;
				CLANG_ENABLE_OBJC_WEAK = YES;
				CLANG_WARN_BLOCK_CAPTURE_AUTORELEASING = YES;
				CLANG_WARN_BOOL_CONVERSION = YES;
				CLANG_WARN_COMMA = YES;
				CLANG_WARN_CONSTANT_CONVERSION = YES;
				CLANG_WARN_DEPRECATED_OBJC_IMPLEMENTATIONS = YES;
				CLANG_WARN_DIRECT_OBJC_ISA_USAGE = YES_ERROR;
				CLANG_WARN_DOCUMENTATION_COMMENTS = YES;
				CLANG_WARN_EMPTY_BODY = YES;
				CLANG_WARN_ENUM_CONVERSION = YES;
				CLANG_WARN_INFINITE_RECURSION = YES;
				CLANG_WARN_INT_CONVERSION = YES;
				CLANG_WARN_NON_LITERAL_NULL_CONVERSION = YES;
				CLANG_WARN_OBJC_IMPLICIT_RETAIN_SELF = YES;
				CLANG_WARN_OBJC_LITERAL_CONVERSION = YES;
				CLANG_WARN_OBJC_ROOT_CLASS = YES_ERROR;
				CLANG_WARN_QUOTED_INCLUDE_IN_FRAMEWORK_HEADER = YES;
				CLANG_WARN_RANGE_LOOP_ANALYSIS = YES;
				CLANG_WARN_STRICT_PROTOTYPES = YES;
				CLANG_WARN_SUSPICIOUS_MOVE = YES;
				CLANG_WARN_UNGUARDED_AVAILABILITY = YES_AGGRESSIVE;
				CLANG_WARN_UNREACHABLE_CODE = YES;
				CLANG_WARN__DUPLICATE_METHOD_MATCH = YES;
				COPY_PHASE_STRIP = NO;
				DEBUG_INFORMATION_FORMAT = dwarf;
				ENABLE_STRICT_OBJC_MSGSEND = YES;
				ENABLE_TESTABILITY = YES;
				GCC_C_LANGUAGE_STANDARD = gnu11;
				GCC_DYNAMIC_NO_PIC = NO;
				GCC_NO_COMMON_BLOCKS = YES;
				GCC_OPTIMIZATION_LEVEL = 0;
				GCC_PREPROCESSOR_DEFINITIONS = (
					"DEBUG=1",
					"$(inherited)",
				);
				GCC_WARN_64_TO_32_BIT_CONVERSION = YES;
				GCC_WARN_ABOUT_RETURN_TYPE = YES_ERROR;
				GCC_WARN_UNDECLARED_SELECTOR = YES;
				GCC_WARN_UNINITIALIZED_AUTOS = YES_AGGRESSIVE;
				GCC_WARN_UNUSED_FUNCTION = YES;
				GCC_WARN_UNUSED_VARIABLE = YES;
				IPHONEOS_DEPLOYMENT_TARGET = 14.5;
				MTL_ENABLE_DEBUG_INFO = INCLUDE_SOURCE;
				MTL_FAST_MATH = YES;
				ONLY_ACTIVE_ARCH = YES;
				SDKROOT = iphoneos;
				SWIFT_ACTIVE_COMPILATION_CONDITIONS = DEBUG;
				SWIFT_OPTIMIZATION_LEVEL = "-Onone";
			};
			name = Debug;
		};
		3DF05E2B260DAF5D005C4BA0 /* Release */ = {
			isa = XCBuildConfiguration;
			buildSettings = {
				ALWAYS_SEARCH_USER_PATHS = NO;
				CLANG_ANALYZER_NONNULL = YES;
				CLANG_ANALYZER_NUMBER_OBJECT_CONVERSION = YES_AGGRESSIVE;
				CLANG_CXX_LANGUAGE_STANDARD = "gnu++14";
				CLANG_CXX_LIBRARY = "libc++";
				CLANG_ENABLE_MODULES = YES;
				CLANG_ENABLE_OBJC_ARC = YES;
				CLANG_ENABLE_OBJC_WEAK = YES;
				CLANG_WARN_BLOCK_CAPTURE_AUTORELEASING = YES;
				CLANG_WARN_BOOL_CONVERSION = YES;
				CLANG_WARN_COMMA = YES;
				CLANG_WARN_CONSTANT_CONVERSION = YES;
				CLANG_WARN_DEPRECATED_OBJC_IMPLEMENTATIONS = YES;
				CLANG_WARN_DIRECT_OBJC_ISA_USAGE = YES_ERROR;
				CLANG_WARN_DOCUMENTATION_COMMENTS = YES;
				CLANG_WARN_EMPTY_BODY = YES;
				CLANG_WARN_ENUM_CONVERSION = YES;
				CLANG_WARN_INFINITE_RECURSION = YES;
				CLANG_WARN_INT_CONVERSION = YES;
				CLANG_WARN_NON_LITERAL_NULL_CONVERSION = YES;
				CLANG_WARN_OBJC_IMPLICIT_RETAIN_SELF = YES;
				CLANG_WARN_OBJC_LITERAL_CONVERSION = YES;
				CLANG_WARN_OBJC_ROOT_CLASS = YES_ERROR;
				CLANG_WARN_QUOTED_INCLUDE_IN_FRAMEWORK_HEADER = YES;
				CLANG_WARN_RANGE_LOOP_ANALYSIS = YES;
				CLANG_WARN_STRICT_PROTOTYPES = YES;
				CLANG_WARN_SUSPICIOUS_MOVE = YES;
				CLANG_WARN_UNGUARDED_AVAILABILITY = YES_AGGRESSIVE;
				CLANG_WARN_UNREACHABLE_CODE = YES;
				CLANG_WARN__DUPLICATE_METHOD_MATCH = YES;
				COPY_PHASE_STRIP = NO;
				DEBUG_INFORMATION_FORMAT = "dwarf-with-dsym";
				ENABLE_NS_ASSERTIONS = NO;
				ENABLE_STRICT_OBJC_MSGSEND = YES;
				GCC_C_LANGUAGE_STANDARD = gnu11;
				GCC_NO_COMMON_BLOCKS = YES;
				GCC_WARN_64_TO_32_BIT_CONVERSION = YES;
				GCC_WARN_ABOUT_RETURN_TYPE = YES_ERROR;
				GCC_WARN_UNDECLARED_SELECTOR = YES;
				GCC_WARN_UNINITIALIZED_AUTOS = YES_AGGRESSIVE;
				GCC_WARN_UNUSED_FUNCTION = YES;
				GCC_WARN_UNUSED_VARIABLE = YES;
				IPHONEOS_DEPLOYMENT_TARGET = 14.5;
				MTL_ENABLE_DEBUG_INFO = NO;
				MTL_FAST_MATH = YES;
				SDKROOT = iphoneos;
				SWIFT_COMPILATION_MODE = wholemodule;
				SWIFT_OPTIMIZATION_LEVEL = "-O";
				VALIDATE_PRODUCT = YES;
			};
			name = Release;
		};
		3DF05E2D260DAF5D005C4BA0 /* Debug */ = {
			isa = XCBuildConfiguration;
			buildSettings = {
				ASSETCATALOG_COMPILER_APPICON_NAME = AppIcon;
				ASSETCATALOG_COMPILER_GLOBAL_ACCENT_COLOR_NAME = AccentColor;
				CODE_SIGN_STYLE = Automatic;
				INFOPLIST_FILE = BMISmart/Info.plist;
				LD_RUNPATH_SEARCH_PATHS = (
					"$(inherited)",
					"@executable_path/Frameworks",
				);
				PRODUCT_BUNDLE_IDENTIFIER = cobopso.BMISmart;
				PRODUCT_NAME = "$(TARGET_NAME)";
				SWIFT_VERSION = 5.0;
				TARGETED_DEVICE_FAMILY = "1,2";
			};
			name = Debug;
		};
		3DF05E2E260DAF5D005C4BA0 /* Release */ = {
			isa = XCBuildConfiguration;
			buildSettings = {
				ASSETCATALOG_COMPILER_APPICON_NAME = AppIcon;
				ASSETCATALOG_COMPILER_GLOBAL_ACCENT_COLOR_NAME = AccentColor;
				CODE_SIGN_STYLE = Automatic;
				INFOPLIST_FILE = BMISmart/Info.plist;
				LD_RUNPATH_SEARCH_PATHS = (
					"$(inherited)",
					"@executable_path/Frameworks",
				);
				PRODUCT_BUNDLE_IDENTIFIER = cobopso.BMISmart;
				PRODUCT_NAME = "$(TARGET_NAME)";
				SWIFT_VERSION = 5.0;
				TARGETED_DEVICE_FAMILY = "1,2";
			};
			name = Release;
		};
/* End XCBuildConfiguration section */

/* Begin XCConfigurationList section */
		3DF05E13260DAF5A005C4BA0 /* Build configuration list for PBXProject "BMISmart" */ = {
			isa = XCConfigurationList;
			buildConfigurations = (
				3DF05E2A260DAF5D005C4BA0 /* Debug */,
				3DF05E2B260DAF5D005C4BA0 /* Release */,
			);
			defaultConfigurationIsVisible = 0;
			defaultConfigurationName = Release;
		};
		3DF05E2C260DAF5D005C4BA0 /* Build configuration list for PBXNativeTarget "BMISmart" */ = {
			isa = XCConfigurationList;
			buildConfigurations = (
				3DF05E2D260DAF5D005C4BA0 /* Debug */,
				3DF05E2E260DAF5D005C4BA0 /* Release */,
			);
			defaultConfigurationIsVisible = 0;
			defaultConfigurationName = Release;
		};
/* End XCConfigurationList section */
	};
	rootObject = 3DF05E10260DAF5A005C4BA0 /* Project object */;
}
